
Microsoft Visual Studio Solution File, Format Version 12.00
# Visual Studio Version 17
VisualStudioVersion = 17.1.32328.378
MinimumVisualStudioVersion = 10.0.40219.1
Project("{C7167F0D-BC9F-4E6E-AFE1-012C56B48DB5}") = "BiliDownload (Package)", "BiliDownload (Package)\BiliDownload (Package).wapproj", "{85555711-CCA9-46F8-BC7C-FB13842C6000}"
EndProject
Project("{FAE04EC0-301F-11D3-BF4B-00C04F79EFBC}") = "BiliDownload", "BiliDownload\BiliDownload.csproj", "{BD6ECEF1-3CB9-4755-A438-B0DCB222DAD0}"
EndProject
Global
	GlobalSection(SolutionConfigurationPlatforms) = preSolution
		Debug|arm64 = Debug|arm64
		Debug|x64 = Debug|x64
		Debug|x86 = Debug|x86
		Release|arm64 = Release|arm64
		Release|x64 = Release|x64
		Release|x86 = Release|x86
	EndGlobalSection
	GlobalSection(ProjectConfigurationPlatforms) = postSolution
		{85555711-CCA9-46F8-BC7C-FB13842C6000}.Debug|arm64.ActiveCfg = Debug|arm64
		{85555711-CCA9-46F8-BC7C-FB13842C6000}.Debug|arm64.Build.0 = Debug|arm64
		{85555711-CCA9-46F8-BC7C-FB13842C6000}.Debug|arm64.Deploy.0 = Debug|arm64
		{85555711-CCA9-46F8-BC7C-FB13842C6000}.Debug|x64.ActiveCfg = Debug|x64
		{85555711-CCA9-46F8-BC7C-FB13842C6000}.Debug|x64.Build.0 = Debug|x64
		{85555711-CCA9-46F8-BC7C-FB13842C6000}.Debug|x64.Deploy.0 = Debug|x64
		{85555711-CCA9-46F8-BC7C-FB13842C6000}.Debug|x86.ActiveCfg = Debug|x86
		{85555711-CCA9-46F8-BC7C-FB13842C6000}.Debug|x86.Build.0 = Debug|x86
		{85555711-CCA9-46F8-BC7C-FB13842C6000}.Debug|x86.Deploy.0 = Debug|x86
		{85555711-CCA9-46F8-BC7C-FB13842C6000}.Release|arm64.ActiveCfg = Release|arm64
		{85555711-CCA9-46F8-BC7C-FB13842C6000}.Release|arm64.Build.0 = Release|arm64
		{85555711-CCA9-46F8-BC7C-FB13842C6000}.Release|arm64.Deploy.0 = Release|arm64
		{85555711-CCA9-46F8-BC7C-FB13842C6000}.Release|x64.ActiveCfg = Release|x64
		{85555711-CCA9-46F8-BC7C-FB13842C6000}.Release|x64.Build.0 = Release|x64
		{85555711-CCA9-46F8-BC7C-FB13842C6000}.Release|x64.Deploy.0 = Release|x64
		{85555711-CCA9-46F8-BC7C-FB13842C6000}.Release|x86.ActiveCfg = Release|x86
		{85555711-CCA9-46F8-BC7C-FB13842C6000}.Release|x86.Build.0 = Release|x86
		{85555711-CCA9-46F8-BC7C-FB13842C6000}.Release|x86.Deploy.0 = Release|x86
		{BD6ECEF1-3CB9-4755-A438-B0DCB222DAD0}.Debug|arm64.ActiveCfg = Debug|arm64
		{BD6ECEF1-3CB9-4755-A438-B0DCB222DAD0}.Debug|arm64.Build.0 = Debug|arm64
		{BD6ECEF1-3CB9-4755-A438-B0DCB222DAD0}.Debug|x64.ActiveCfg = Debug|x64
		{BD6ECEF1-3CB9-4755-A438-B0DCB222DAD0}.Debug|x64.Build.0 = Debug|x64
		{BD6ECEF1-3CB9-4755-A438-B0DCB222DAD0}.Debug|x86.ActiveCfg = Debug|x86
		{BD6ECEF1-3CB9-4755-A438-B0DCB222DAD0}.Debug|x86.Build.0 = Debug|x86
		{BD6ECEF1-3CB9-4755-A438-B0DCB222DAD0}.Release|arm64.ActiveCfg = Release|arm64
		{BD6ECEF1-3CB9-4755-A438-B0DCB222DAD0}.Release|arm64.Build.0 = Release|arm64
		{BD6ECEF1-3CB9-4755-A438-B0DCB222DAD0}.Release|x64.ActiveCfg = Release|x64
		{BD6ECEF1-3CB9-4755-A438-B0DCB222DAD0}.Release|x64.Build.0 = Release|x64
		{BD6ECEF1-3CB9-4755-A438-B0DCB222DAD0}.Release|x86.ActiveCfg = Release|x86
		{BD6ECEF1-3CB9-4755-A438-B0DCB222DAD0}.Release|x86.Build.0 = Release|x86
	EndGlobalSection
	GlobalSection(SolutionProperties) = preSolution
		HideSolutionNode = FALSE
	EndGlobalSection
	GlobalSection(ExtensibilityGlobals) = postSolution
		SolutionGuid = {5C07A99B-9DD9-4538-818C-FDB8B757ED04}
	EndGlobalSection
EndGlobal
